
Microsoft Visual Studio Solution File, Format Version 12.00
# Visual Studio Version 17
VisualStudioVersion = 17.9.34714.143
MinimumVisualStudioVersion = 10.0.40219.1
Project("{FAE04EC0-301F-11D3-BF4B-00C04F79EFBC}") = "AbxClient", "AbxClient\AbxClient.csproj", "{CA189BC6-762B-49E5-97E9-87F02ED00730}"
EndProject
Global
	GlobalSection(SolutionConfigurationPlatforms) = preSolution
		Debug|Any CPU = Debug|Any CPU
		Release|Any CPU = Release|Any CPU
	EndGlobalSection
	GlobalSection(ProjectConfigurationPlatforms) = postSolution
		{CA189BC6-762B-49E5-97E9-87F02ED00730}.Debug|Any CPU.ActiveCfg = Debug|Any CPU
		{CA189BC6-762B-49E5-97E9-87F02ED00730}.Debug|Any CPU.Build.0 = Debug|Any CPU
		{CA189BC6-762B-49E5-97E9-87F02ED00730}.Release|Any CPU.ActiveCfg = Release|Any CPU
		{CA189BC6-762B-49E5-97E9-87F02ED00730}.Release|Any CPU.Build.0 = Release|Any CPU
	EndGlobalSection
	GlobalSection(SolutionProperties) = preSolution
		HideSolutionNode = FALSE
	EndGlobalSection
	GlobalSection(ExtensibilityGlobals) = postSolution
		SolutionGuid = {69EE97CA-77C3-4832-8199-D20A9CAA8BB1}
	EndGlobalSection
EndGlobal
